
Microsoft Visual Studio Solution File, Format Version 12.00
# Visual Studio 2012
Project("{F2A71F9B-5D33-465A-A702-920D77279786}") = "SharpShaders", "Translator\SharpShaders.fsproj", "{A80D56D4-E3AC-4F98-AE26-93962F468E97}"
EndProject
Project("{F2A71F9B-5D33-465A-A702-920D77279786}") = "Test", "Test\Test.fsproj", "{0221C8D7-99B9-4003-8875-A13A18E8FAA7}"
EndProject
Project("{F2A71F9B-5D33-465A-A702-920D77279786}") = "Shaders", "Shaders\Shaders.fsproj", "{86AD24F8-973C-4E67-875C-7CBFDF91A171}"
EndProject
Project("{2150E333-8FDC-42A3-9474-1A3956D46DE8}") = "Samples", "Samples", "{194E6F55-6553-41DC-8338-4204157C4E22}"
EndProject
Project("{F2A71F9B-5D33-465A-A702-920D77279786}") = "MiniRender", "MiniRender\MiniRender.fsproj", "{95E36121-9045-4167-8972-FC8EFAE34B32}"
EndProject
Project("{F2A71F9B-5D33-465A-A702-920D77279786}") = "ColoredCube", "Samples\ColoredCube\ColoredCube.fsproj", "{79711469-630A-416D-B517-ABD8E56062C2}"
EndProject
Project("{F2A71F9B-5D33-465A-A702-920D77279786}") = "TexturedCube", "Samples\TexturedCube\TexturedCube.fsproj", "{2F026469-EFC2-454E-891E-763170C72F47}"
EndProject
Global
	GlobalSection(SolutionConfigurationPlatforms) = preSolution
		Debug|Any CPU = Debug|Any CPU
		Release|Any CPU = Release|Any CPU
	EndGlobalSection
	GlobalSection(ProjectConfigurationPlatforms) = postSolution
		{0221C8D7-99B9-4003-8875-A13A18E8FAA7}.Debug|Any CPU.ActiveCfg = Debug|Any CPU
		{0221C8D7-99B9-4003-8875-A13A18E8FAA7}.Debug|Any CPU.Build.0 = Debug|Any CPU
		{0221C8D7-99B9-4003-8875-A13A18E8FAA7}.Release|Any CPU.ActiveCfg = Release|Any CPU
		{0221C8D7-99B9-4003-8875-A13A18E8FAA7}.Release|Any CPU.Build.0 = Release|Any CPU
		{2F026469-EFC2-454E-891E-763170C72F47}.Debug|Any CPU.ActiveCfg = Debug|Any CPU
		{2F026469-EFC2-454E-891E-763170C72F47}.Debug|Any CPU.Build.0 = Debug|Any CPU
		{2F026469-EFC2-454E-891E-763170C72F47}.Release|Any CPU.ActiveCfg = Release|Any CPU
		{2F026469-EFC2-454E-891E-763170C72F47}.Release|Any CPU.Build.0 = Release|Any CPU
		{79711469-630A-416D-B517-ABD8E56062C2}.Debug|Any CPU.ActiveCfg = Debug|Any CPU
		{79711469-630A-416D-B517-ABD8E56062C2}.Debug|Any CPU.Build.0 = Debug|Any CPU
		{79711469-630A-416D-B517-ABD8E56062C2}.Release|Any CPU.ActiveCfg = Release|Any CPU
		{79711469-630A-416D-B517-ABD8E56062C2}.Release|Any CPU.Build.0 = Release|Any CPU
		{86AD24F8-973C-4E67-875C-7CBFDF91A171}.Debug|Any CPU.ActiveCfg = Debug|Any CPU
		{86AD24F8-973C-4E67-875C-7CBFDF91A171}.Debug|Any CPU.Build.0 = Debug|Any CPU
		{86AD24F8-973C-4E67-875C-7CBFDF91A171}.Release|Any CPU.ActiveCfg = Release|Any CPU
		{86AD24F8-973C-4E67-875C-7CBFDF91A171}.Release|Any CPU.Build.0 = Release|Any CPU
		{95E36121-9045-4167-8972-FC8EFAE34B32}.Debug|Any CPU.ActiveCfg = Debug|Any CPU
		{95E36121-9045-4167-8972-FC8EFAE34B32}.Debug|Any CPU.Build.0 = Debug|Any CPU
		{95E36121-9045-4167-8972-FC8EFAE34B32}.Release|Any CPU.ActiveCfg = Release|Any CPU
		{95E36121-9045-4167-8972-FC8EFAE34B32}.Release|Any CPU.Build.0 = Release|Any CPU
		{A80D56D4-E3AC-4F98-AE26-93962F468E97}.Debug|Any CPU.ActiveCfg = Debug|Any CPU
		{A80D56D4-E3AC-4F98-AE26-93962F468E97}.Debug|Any CPU.Build.0 = Debug|Any CPU
		{A80D56D4-E3AC-4F98-AE26-93962F468E97}.Release|Any CPU.ActiveCfg = Release|Any CPU
		{A80D56D4-E3AC-4F98-AE26-93962F468E97}.Release|Any CPU.Build.0 = Release|Any CPU
	EndGlobalSection
	GlobalSection(SolutionProperties) = preSolution
		HideSolutionNode = FALSE
	EndGlobalSection
	GlobalSection(NestedProjects) = preSolution
		{2F026469-EFC2-454E-891E-763170C72F47} = {194E6F55-6553-41DC-8338-4204157C4E22}
		{79711469-630A-416D-B517-ABD8E56062C2} = {194E6F55-6553-41DC-8338-4204157C4E22}
	EndGlobalSection
EndGlobal
